
Microsoft Visual Studio Solution File, Format Version 12.00
# Visual Studio Version 16
VisualStudioVersion = 16.0.30114.105
MinimumVisualStudioVersion = 10.0.40219.1
Project("{2150E333-8FDC-42A3-9474-1A3956D46DE8}") = "src", "src", "{B51AA557-7203-4EC0-B894-335B979B7F81}"
EndProject
Project("{FAE04EC0-301F-11D3-BF4B-00C04F79EFBC}") = "ConsoleApp", "src\ConsoleApp\ConsoleApp.csproj", "{4AD07547-F4AA-4975-9882-33AA885222C2}"
EndProject
Project("{FAE04EC0-301F-11D3-BF4B-00C04F79EFBC}") = "PropertyCrawler", "src\PropertyCrawler\PropertyCrawler.csproj", "{C8C9C09E-21C5-4E41-9D1A-8A5203C567F9}"
EndProject
Global
	GlobalSection(SolutionConfigurationPlatforms) = preSolution
		Debug|Any CPU = Debug|Any CPU
		Release|Any CPU = Release|Any CPU
	EndGlobalSection
	GlobalSection(SolutionProperties) = preSolution
		HideSolutionNode = FALSE
	EndGlobalSection
	GlobalSection(ProjectConfigurationPlatforms) = postSolution
		{4AD07547-F4AA-4975-9882-33AA885222C2}.Debug|Any CPU.ActiveCfg = Debug|Any CPU
		{4AD07547-F4AA-4975-9882-33AA885222C2}.Debug|Any CPU.Build.0 = Debug|Any CPU
		{4AD07547-F4AA-4975-9882-33AA885222C2}.Release|Any CPU.ActiveCfg = Release|Any CPU
		{4AD07547-F4AA-4975-9882-33AA885222C2}.Release|Any CPU.Build.0 = Release|Any CPU
		{C8C9C09E-21C5-4E41-9D1A-8A5203C567F9}.Debug|Any CPU.ActiveCfg = Debug|Any CPU
		{C8C9C09E-21C5-4E41-9D1A-8A5203C567F9}.Debug|Any CPU.Build.0 = Debug|Any CPU
		{C8C9C09E-21C5-4E41-9D1A-8A5203C567F9}.Release|Any CPU.ActiveCfg = Release|Any CPU
		{C8C9C09E-21C5-4E41-9D1A-8A5203C567F9}.Release|Any CPU.Build.0 = Release|Any CPU
	EndGlobalSection
	GlobalSection(NestedProjects) = preSolution
		{4AD07547-F4AA-4975-9882-33AA885222C2} = {B51AA557-7203-4EC0-B894-335B979B7F81}
		{C8C9C09E-21C5-4E41-9D1A-8A5203C567F9} = {B51AA557-7203-4EC0-B894-335B979B7F81}
	EndGlobalSection
EndGlobal
